
Microsoft Visual Studio Solution File, Format Version 12.00
# Visual Studio Version 17
VisualStudioVersion = 17.14.36511.14 d17.14
MinimumVisualStudioVersion = 10.0.40219.1
Project("{FAE04EC0-301F-11D3-BF4B-00C04F79EFBC}") = "FoodDeliveryApp", "FoodDeliveryApp\FoodDeliveryApp.csproj", "{7EBE9469-8BF5-49E7-88E4-18C53FEEC0BB}"
EndProject
Global
	GlobalSection(SolutionConfigurationPlatforms) = preSolution
		Debug|Any CPU = Debug|Any CPU
		Release|Any CPU = Release|Any CPU
	EndGlobalSection
	GlobalSection(ProjectConfigurationPlatforms) = postSolution
		{7EBE9469-8BF5-49E7-88E4-18C53FEEC0BB}.Debug|Any CPU.ActiveCfg = Debug|Any CPU
		{7EBE9469-8BF5-49E7-88E4-18C53FEEC0BB}.Debug|Any CPU.Build.0 = Debug|Any CPU
		{7EBE9469-8BF5-49E7-88E4-18C53FEEC0BB}.Release|Any CPU.ActiveCfg = Release|Any CPU
		{7EBE9469-8BF5-49E7-88E4-18C53FEEC0BB}.Release|Any CPU.Build.0 = Release|Any CPU
	EndGlobalSection
	GlobalSection(SolutionProperties) = preSolution
		HideSolutionNode = FALSE
	EndGlobalSection
	GlobalSection(ExtensibilityGlobals) = postSolution
		SolutionGuid = {31336AE2-8913-457A-8737-15251D0B11EF}
	EndGlobalSection
EndGlobal
